// !$*UTF8*$!
{
	archiveVersion = 1;
	classes = {
	};
	objectVersion = 48;
	objects = {

/* Begin PBXBuildFile section */
		20E854BD20306FA1004529FD /* AppDelegate.swift in Sources */ = {isa = PBXBuildFile; fileRef = 20E854BC20306FA1004529FD /* AppDelegate.swift */; };
		20E854C220306FA1004529FD /* Main.storyboard in Resources */ = {isa = PBXBuildFile; fileRef = 20E854C020306FA1004529FD /* Main.storyboard */; };
		20E854C420306FA1004529FD /* Assets.xcassets in Resources */ = {isa = PBXBuildFile; fileRef = 20E854C320306FA1004529FD /* Assets.xcassets */; };
		20E854C720306FA1004529FD /* LaunchScreen.storyboard in Resources */ = {isa = PBXBuildFile; fileRef = 20E854C520306FA1004529FD /* LaunchScreen.storyboard */; };
		20E854CF2030711A004529FD /* HomeVC.swift in Sources */ = {isa = PBXBuildFile; fileRef = 20E854CE2030711A004529FD /* HomeVC.swift */; };
		20E854D1203074F0004529FD /* HomeContentVC.swift in Sources */ = {isa = PBXBuildFile; fileRef = 20E854D0203074F0004529FD /* HomeContentVC.swift */; };
		20E854D3203076FC004529FD /* Images in Resources */ = {isa = PBXBuildFile; fileRef = 20E854D2203076FC004529FD /* Images */; };
/* End PBXBuildFile section */

/* Begin PBXFileReference section */
		20E854B920306FA1004529FD /* NammaMara.app */ = {isa = PBXFileReference; explicitFileType = wrapper.application; includeInIndex = 0; path = NammaMara.app; sourceTree = BUILT_PRODUCTS_DIR; };
		20E854BC20306FA1004529FD /* AppDelegate.swift */ = {isa = PBXFileReference; lastKnownFileType = sourcecode.swift; path = AppDelegate.swift; sourceTree = "<group>"; };
		20E854C120306FA1004529FD /* Base */ = {isa = PBXFileReference; lastKnownFileType = file.storyboard; name = Base; path = Base.lproj/Main.storyboard; sourceTree = "<group>"; };
		20E854C320306FA1004529FD /* Assets.xcassets */ = {isa = PBXFileReference; lastKnownFileType = folder.assetcatalog; path = Assets.xcassets; sourceTree = "<group>"; };
		20E854C620306FA1004529FD /* Base */ = {isa = PBXFileReference; lastKnownFileType = file.storyboard; name = Base; path = Base.lproj/LaunchScreen.storyboard; sourceTree = "<group>"; };
		20E854C820306FA1004529FD /* Info.plist */ = {isa = PBXFileReference; lastKnownFileType = text.plist.xml; path = Info.plist; sourceTree = "<group>"; };
		20E854CE2030711A004529FD /* HomeVC.swift */ = {isa = PBXFileReference; lastKnownFileType = sourcecode.swift; path = HomeVC.swift; sourceTree = "<group>"; };
		20E854D0203074F0004529FD /* HomeContentVC.swift */ = {isa = PBXFileReference; lastKnownFileType = sourcecode.swift; path = HomeContentVC.swift; sourceTree = "<group>"; };
		20E854D2203076FC004529FD /* Images */ = {isa = PBXFileReference; lastKnownFileType = folder; name = Images; path = NammaMara/Images; sourceTree = "<group>"; };
/* End PBXFileReference section */

/* Begin PBXFrameworksBuildPhase section */
		20E854B620306FA1004529FD /* Frameworks */ = {
			isa = PBXFrameworksBuildPhase;
			buildActionMask = 2147483647;
			files = (
			);
			runOnlyForDeploymentPostprocessing = 0;
		};
/* End PBXFrameworksBuildPhase section */

/* Begin PBXGroup section */
		20E854B020306FA0004529FD = {
			isa = PBXGroup;
			children = (
				20E854D2203076FC004529FD /* Images */,
				20E854BB20306FA1004529FD /* NammaMara */,
				20E854BA20306FA1004529FD /* Products */,
			);
			sourceTree = "<group>";
		};
		20E854BA20306FA1004529FD /* Products */ = {
			isa = PBXGroup;
			children = (
				20E854B920306FA1004529FD /* NammaMara.app */,
			);
			name = Products;
			sourceTree = "<group>";
		};
		20E854BB20306FA1004529FD /* NammaMara */ = {
			isa = PBXGroup;
			children = (
				20E854BC20306FA1004529FD /* AppDelegate.swift */,
				20E854C020306FA1004529FD /* Main.storyboard */,
				20E854C320306FA1004529FD /* Assets.xcassets */,
				20E854C520306FA1004529FD /* LaunchScreen.storyboard */,
				20E854C820306FA1004529FD /* Info.plist */,
				20E854CE2030711A004529FD /* HomeVC.swift */,
				20E854D0203074F0004529FD /* HomeContentVC.swift */,
			);
			path = NammaMara;
			sourceTree = "<group>";
		};
/* End PBXGroup section */

/* Begin PBXNativeTarget section */
		20E854B820306FA1004529FD /* NammaMara */ = {
			isa = PBXNativeTarget;
			buildConfigurationList = 20E854CB20306FA1004529FD /* Build configuration list for PBXNativeTarget "NammaMara" */;
			buildPhases = (
				20E854B520306FA1004529FD /* Sources */,
				20E854B620306FA1004529FD /* Frameworks */,
				20E854B720306FA1004529FD /* Resources */,
			);
			buildRules = (
			);
			dependencies = (
			);
			name = NammaMara;
			productName = NammaMara;
			productReference = 20E854B920306FA1004529FD /* NammaMara.app */;
			productType = "com.apple.product-type.application";
		};
/* End PBXNativeTarget section */

/* Begin PBXProject section */
		20E854B120306FA0004529FD /* Project object */ = {
			isa = PBXProject;
			attributes = {
				LastSwiftUpdateCheck = 0920;
				LastUpgradeCheck = 0920;
				ORGANIZATIONNAME = "Raghu, Reshma L";
				TargetAttributes = {
					20E854B820306FA1004529FD = {
						CreatedOnToolsVersion = 9.2;
						ProvisioningStyle = Automatic;
					};
				};
			};
			buildConfigurationList = 20E854B420306FA0004529FD /* Build configuration list for PBXProject "NammaMara" */;
			compatibilityVersion = "Xcode 8.0";
			developmentRegion = en;
			hasScannedForEncodings = 0;
			knownRegions = (
				en,
				Base,
			);
			mainGroup = 20E854B020306FA0004529FD;
			productRefGroup = 20E854BA20306FA1004529FD /* Products */;
			projectDirPath = "";
			projectRoot = "";
			targets = (
				20E854B820306FA1004529FD /* NammaMara */,
			);
		};
/* End PBXProject section */

/* Begin PBXResourcesBuildPhase section */
		20E854B720306FA1004529FD /* Resources */ = {
			isa = PBXResourcesBuildPhase;
			buildActionMask = 2147483647;
			files = (
				20E854D3203076FC004529FD /* Images in Resources */,
				20E854C720306FA1004529FD /* LaunchScreen.storyboard in Resources */,
				20E854C420306FA1004529FD /* Assets.xcassets in Resources */,
				20E854C220306FA1004529FD /* Main.storyboard in Resources */,
			);
			runOnlyForDeploymentPostprocessing = 0;
		};
/* End PBXResourcesBuildPhase section */

/* Begin PBXSourcesBuildPhase section */
		20E854B520306FA1004529FD /* Sources */ = {
			isa = PBXSourcesBuildPhase;
			buildActionMask = 2147483647;
			files = (
				20E854BD20306FA1004529FD /* AppDelegate.swift in Sources */,
				20E854CF2030711A004529FD /* HomeVC.swift in Sources */,
				20E854D1203074F0004529FD /* HomeContentVC.swift in Sources */,
			);
			runOnlyForDeploymentPostprocessing = 0;
		};
/* End PBXSourcesBuildPhase section */

/* Begin PBXVariantGroup section */
		20E854C020306FA1004529FD /* Main.storyboard */ = {
			isa = PBXVariantGroup;
			children = (
				20E854C120306FA1004529FD /* Base */,
			);
			name = Main.storyboard;
			sourceTree = "<group>";
		};
		20E854C520306FA1004529FD /* LaunchScreen.storyboard */ = {
			isa = PBXVariantGroup;
			children = (
				20E854C620306FA1004529FD /* Base */,
			);
			name = LaunchScreen.storyboard;
			sourceTree = "<group>";
		};
/* End PBXVariantGroup section */

/* Begin XCBuildConfiguration section */
		20E854C920306FA1004529FD /* Debug */ = {
			isa = XCBuildConfiguration;
			buildSettings = {
				ALWAYS_SEARCH_USER_PATHS = NO;
				CLANG_ANALYZER_NONNULL = YES;
				CLANG_ANALYZER_NUMBER_OBJECT_CONVERSION = YES_AGGRESSIVE;
				CLANG_CXX_LANGUAGE_STANDARD = "gnu++14";
				CLANG_CXX_LIBRARY = "libc++";
				CLANG_ENABLE_MODULES = YES;
				CLANG_ENABLE_OBJC_ARC = YES;
				CLANG_WARN_BLOCK_CAPTURE_AUTORELEASING = YES;
				CLANG_WARN_BOOL_CONVERSION = YES;
				CLANG_WARN_COMMA = YES;
				CLANG_WARN_CONSTANT_CONVERSION = YES;
				CLANG_WARN_DIRECT_OBJC_ISA_USAGE = YES_ERROR;
				CLANG_WARN_DOCUMENTATION_COMMENTS = YES;
				CLANG_WARN_EMPTY_BODY = YES;
				CLANG_WARN_ENUM_CONVERSION = YES;
				CLANG_WARN_INFINITE_RECURSION = YES;
				CLANG_WARN_INT_CONVERSION = YES;
				CLANG_WARN_NON_LITERAL_NULL_CONVERSION = YES;
				CLANG_WARN_OBJC_LITERAL_CONVERSION = YES;
				CLANG_WARN_OBJC_ROOT_CLASS = YES_ERROR;
				CLANG_WARN_RANGE_LOOP_ANALYSIS = YES;
				CLANG_WARN_STRICT_PROTOTYPES = YES;
				CLANG_WARN_SUSPICIOUS_MOVE = YES;
				CLANG_WARN_UNGUARDED_AVAILABILITY = YES_AGGRESSIVE;
				CLANG_WARN_UNREACHABLE_CODE = YES;
				CLANG_WARN__DUPLICATE_METHOD_MATCH = YES;
				CODE_SIGN_IDENTITY = "iPhone Developer";
				COPY_PHASE_STRIP = NO;
				DEBUG_INFORMATION_FORMAT = dwarf;
				ENABLE_STRICT_OBJC_MSGSEND = YES;
				ENABLE_TESTABILITY = YES;
				GCC_C_LANGUAGE_STANDARD = gnu11;
				GCC_DYNAMIC_NO_PIC = NO;
				GCC_NO_COMMON_BLOCKS = YES;
				GCC_OPTIMIZATION_LEVEL = 0;
				GCC_PREPROCESSOR_DEFINITIONS = (
					"DEBUG=1",
					"$(inherited)",
				);
				GCC_WARN_64_TO_32_BIT_CONVERSION = YES;
				GCC_WARN_ABOUT_RETURN_TYPE = YES_ERROR;
				GCC_WARN_UNDECLARED_SELECTOR = YES;
				GCC_WARN_UNINITIALIZED_AUTOS = YES_AGGRESSIVE;
				GCC_WARN_UNUSED_FUNCTION = YES;
				GCC_WARN_UNUSED_VARIABLE = YES;
				IPHONEOS_DEPLOYMENT_TARGET = 11.2;
				MTL_ENABLE_DEBUG_INFO = YES;
				ONLY_ACTIVE_ARCH = YES;
				SDKROOT = iphoneos;
				SWIFT_ACTIVE_COMPILATION_CONDITIONS = DEBUG;
				SWIFT_OPTIMIZATION_LEVEL = "-Onone";
			};
			name = Debug;
		};
		20E854CA20306FA1004529FD /* Release */ = {
			isa = XCBuildConfiguration;
			buildSettings = {
				ALWAYS_SEARCH_USER_PATHS = NO;
				CLANG_ANALYZER_NONNULL = YES;
				CLANG_ANALYZER_NUMBER_OBJECT_CONVERSION = YES_AGGRESSIVE;
				CLANG_CXX_LANGUAGE_STANDARD = "gnu++14";
				CLANG_CXX_LIBRARY = "libc++";
				CLANG_ENABLE_MODULES = YES;
				CLANG_ENABLE_OBJC_ARC = YES;
				CLANG_WARN_BLOCK_CAPTURE_AUTORELEASING = YES;
				CLANG_WARN_BOOL_CONVERSION = YES;
				CLANG_WARN_COMMA = YES;
				CLANG_WARN_CONSTANT_CONVERSION = YES;
				CLANG_WARN_DIRECT_OBJC_ISA_USAGE = YES_ERROR;
				CLANG_WARN_DOCUMENTATION_COMMENTS = YES;
				CLANG_WARN_EMPTY_BODY = YES;
				CLANG_WARN_ENUM_CONVERSION = YES;
				CLANG_WARN_INFINITE_RECURSION = YES;
				CLANG_WARN_INT_CONVERSION = YES;
				CLANG_WARN_NON_LITERAL_NULL_CONVERSION = YES;
				CLANG_WARN_OBJC_LITERAL_CONVERSION = YES;
				CLANG_WARN_OBJC_ROOT_CLASS = YES_ERROR;
				CLANG_WARN_RANGE_LOOP_ANALYSIS = YES;
				CLANG_WARN_STRICT_PROTOTYPES = YES;
				CLANG_WARN_SUSPICIOUS_MOVE = YES;
				CLANG_WARN_UNGUARDED_AVAILABILITY = YES_AGGRESSIVE;
				CLANG_WARN_UNREACHABLE_CODE = YES;
				CLANG_WARN__DUPLICATE_METHOD_MATCH = YES;
				CODE_SIGN_IDENTITY = "iPhone Developer";
				COPY_PHASE_STRIP = NO;
				DEBUG_INFORMATION_FORMAT = "dwarf-with-dsym";
				ENABLE_NS_ASSERTIONS = NO;
				ENABLE_STRICT_OBJC_MSGSEND = YES;
				GCC_C_LANGUAGE_STANDARD = gnu11;
				GCC_NO_COMMON_BLOCKS = YES;
				GCC_WARN_64_TO_32_BIT_CONVERSION = YES;
				GCC_WARN_ABOUT_RETURN_TYPE = YES_ERROR;
				GCC_WARN_UNDECLARED_SELECTOR = YES;
				GCC_WARN_UNINITIALIZED_AUTOS = YES_AGGRESSIVE;
				GCC_WARN_UNUSED_FUNCTION = YES;
				GCC_WARN_UNUSED_VARIABLE = YES;
				IPHONEOS_DEPLOYMENT_TARGET = 11.2;
				MTL_ENABLE_DEBUG_INFO = NO;
				SDKROOT = iphoneos;
				SWIFT_OPTIMIZATION_LEVEL = "-Owholemodule";
				VALIDATE_PRODUCT = YES;
			};
			name = Release;
		};
		20E854CC20306FA1004529FD /* Debug */ = {
			isa = XCBuildConfiguration;
			buildSettings = {
				ASSETCATALOG_COMPILER_APPICON_NAME = AppIcon;
				CODE_SIGN_STYLE = Automatic;
				DEVELOPMENT_TEAM = 97XB6A7238;
				INFOPLIST_FILE = NammaMara/Info.plist;
				LD_RUNPATH_SEARCH_PATHS = "$(inherited) @executable_path/Frameworks";
				PRODUCT_BUNDLE_IDENTIFIER = com.apps.NammaMara;
				PRODUCT_NAME = "$(TARGET_NAME)";
				SWIFT_VERSION = 4.0;
				TARGETED_DEVICE_FAMILY = "1,2";
			};
			name = Debug;
		};
		20E854CD20306FA1004529FD /* Release */ = {
			isa = XCBuildConfiguration;
			buildSettings = {
				ASSETCATALOG_COMPILER_APPICON_NAME = AppIcon;
				CODE_SIGN_STYLE = Automatic;
				DEVELOPMENT_TEAM = 97XB6A7238;
				INFOPLIST_FILE = NammaMara/Info.plist;
				LD_RUNPATH_SEARCH_PATHS = "$(inherited) @executable_path/Frameworks";
				PRODUCT_BUNDLE_IDENTIFIER = com.apps.NammaMara;
				PRODUCT_NAME = "$(TARGET_NAME)";
				SWIFT_VERSION = 4.0;
				TARGETED_DEVICE_FAMILY = "1,2";
			};
			name = Release;
		};
/* End XCBuildConfiguration section */

/* Begin XCConfigurationList section */
		20E854B420306FA0004529FD /* Build configuration list for PBXProject "NammaMara" */ = {
			isa = XCConfigurationList;
			buildConfigurations = (
				20E854C920306FA1004529FD /* Debug */,
				20E854CA20306FA1004529FD /* Release */,
			);
			defaultConfigurationIsVisible = 0;
			defaultConfigurationName = Release;
		};
		20E854CB20306FA1004529FD /* Build configuration list for PBXNativeTarget "NammaMara" */ = {
			isa = XCConfigurationList;
			buildConfigurations = (
				20E854CC20306FA1004529FD /* Debug */,
				20E854CD20306FA1004529FD /* Release */,
			);
			defaultConfigurationIsVisible = 0;
			defaultConfigurationName = Release;
		};
/* End XCConfigurationList section */
	};
	rootObject = 20E854B120306FA0004529FD /* Project object */;
}
